{
  "name": "app",
  "version": "1.0.50",
  "lockfileVersion": 3,
  "requires": true,
  "packages": {
    "": {
      "name": "app",
      "version": "1.0.50",
      "dependencies": {
        "elysia": "latest",
        "zod": "^3.22.4"
      },
      "devDependencies": {
        "bun-types": "latest"
      }
    },
    "node_modules/@sinclair/typebox": {
      "version": "0.32.13",
      "license": "MIT"
    },
    "node_modules/@types/node": {
      "version": "20.11.16",
      "dev": true,
      "license": "MIT",
      "dependencies": {
        "undici-types": "~5.26.4"
      }
    },
    "node_modules/@types/node/node_modules/undici-types": {
      "version": "5.26.5",
      "dev": true,
      "license": "MIT"
    },
    "node_modules/@types/ws": {
      "version": "8.5.10",
      "dev": true,
      "license": "MIT",
      "dependencies": {
        "@types/node": "*"
      }
    },
    "node_modules/bun-types": {
      "version": "1.0.25",
      "resolved": "https://registry.npmjs.org/bun-types/-/bun-types-1.0.25.tgz",
      "integrity": "sha512-9lxeUR/OJsvlZH4GOWteiAdx7ikrSxCUX7Rr0JJux+DrR3LejouVLxIZnTeQ3UPAZovvSgKivWeHPJ2wlo7/Kg==",
      "dev": true,
      "dependencies": {
        "@types/node": "*",
        "@types/ws": "*",
        "undici-types": "^5.26.4"
      }
    },
    "node_modules/cookie": {
      "version": "0.6.0",
      "license": "MIT",
      "engines": {
        "node": ">= 0.6"
      }
    },
    "node_modules/elysia": {
      "version": "0.8.15",
      "resolved": "https://registry.npmjs.org/elysia/-/elysia-0.8.15.tgz",
      "integrity": "sha512-jJhIukagVZ31qwTEDrjkvpJv2ZhKewOG+eVbKj3N6MksBkLj1VXcTL6C4PZ1lACv1gU1HVRQNIeTy/eAeiMwZg==",
      "dependencies": {
        "@sinclair/typebox": "^0.32.0",
        "cookie": "^0.6.0",
        "eventemitter3": "^5.0.1",
        "fast-decode-uri-component": "^1.0.1",
        "fast-querystring": "^1.1.2",
        "memoirist": "0.1.10",
        "openapi-types": "^12.1.3"
      },
      "peerDependencies": {
        "@sinclair/typebox": ">= 0.31.0",
        "openapi-types": ">= 12.0.0",
        "typescript": ">= 5.0.0"
      },
      "peerDependenciesMeta": {
        "@sinclair/typebox": {
          "optional": true
        },
        "openapi-types": {
          "optional": true
        },
        "typescript": {
          "optional": true
        }
      }
    },
    "node_modules/eventemitter3": {
      "version": "5.0.1",
      "license": "MIT"
    },
    "node_modules/fast-decode-uri-component": {
      "version": "1.0.1",
      "license": "MIT"
    },
    "node_modules/fast-querystring": {
      "version": "1.1.2",
      "license": "MIT",
      "dependencies": {
        "fast-decode-uri-component": "^1.0.1"
      }
    },
    "node_modules/memoirist": {
      "version": "0.1.10",
      "license": "MIT"
    },
    "node_modules/openapi-types": {
      "version": "12.1.3",
      "license": "MIT"
    },
    "node_modules/undici-types": {
      "version": "5.28.2",
      "dev": true,
      "license": "MIT"
    },
    "node_modules/zod": {
      "version": "3.22.4",
      "resolved": "https://registry.npmjs.org/zod/-/zod-3.22.4.tgz",
      "integrity": "sha512-iC+8Io04lddc+mVqQ9AZ7OQ2MrUKGN+oIQyq1vemgt46jwCwLfhq7/pwnBnNXXXZb8VTVLKwp9EDkx+ryxIWmg==",
      "funding": {
        "url": "https://github.com/sponsors/colinhacks"
      }
    }
  }
}
